{
  "name": "@fvqzmp1h/jet-queue-plugin-js",
  "version": "0.1.1",
  "lockfileVersion": 3,
  "requires": true,
  "packages": {
    "": {
      "name": "@fvqzmp1h/jet-queue-plugin-js",
      "version": "0.1.1",
      "license": "MIT",
      "dependencies": {
        "@fvqzmp1h/breeze-js": "^0.1.10"
      }
    },
    "node_modules/@fvqzmp1h/breeze-js": {
      "version": "0.1.10",
      "resolved": "https://registry.npmjs.org/@fvqzmp1h/breeze-js/-/breeze-js-0.1.10.tgz",
      "integrity": "sha512-1hLPGHLZuUa7tcbsCU50WFU4qXMIWm6yDkg/wsZNjRJnPOmwPMoTT9J5KFwTEegQlqwBXTc00kvtzkQs7DqnSQ==",
      "license": "MIT"
    }
  }
}
